
Microsoft Visual Studio Solution File, Format Version 12.00
# Visual Studio Version 16
VisualStudioVersion = 16.0.32413.511
MinimumVisualStudioVersion = 10.0.40219.1
Project("{8BC9CEB8-8B4A-11D0-8D11-00A0C91BC942}") = "Pong", "Pong\Pong.vcxproj", "{8A6616FB-EFB4-469C-85BB-4B28D278D0C3}"
EndProject
Global
	GlobalSection(SolutionConfigurationPlatforms) = preSolution
		Debug|x64 = Debug|x64
		Debug|x86 = Debug|x86
		Release|x64 = Release|x64
		Release|x86 = Release|x86
	EndGlobalSection
	GlobalSection(ProjectConfigurationPlatforms) = postSolution
		{8A6616FB-EFB4-469C-85BB-4B28D278D0C3}.Debug|x64.ActiveCfg = Debug|x64
		{8A6616FB-EFB4-469C-85BB-4B28D278D0C3}.Debug|x64.Build.0 = Debug|x64
		{8A6616FB-EFB4-469C-85BB-4B28D278D0C3}.Debug|x86.ActiveCfg = Debug|Win32
		{8A6616FB-EFB4-469C-85BB-4B28D278D0C3}.Debug|x86.Build.0 = Debug|Win32
		{8A6616FB-EFB4-469C-85BB-4B28D278D0C3}.Release|x64.ActiveCfg = Release|x64
		{8A6616FB-EFB4-469C-85BB-4B28D278D0C3}.Release|x64.Build.0 = Release|x64
		{8A6616FB-EFB4-469C-85BB-4B28D278D0C3}.Release|x86.ActiveCfg = Release|Win32
		{8A6616FB-EFB4-469C-85BB-4B28D278D0C3}.Release|x86.Build.0 = Release|Win32
	EndGlobalSection
	GlobalSection(SolutionProperties) = preSolution
		HideSolutionNode = FALSE
	EndGlobalSection
	GlobalSection(ExtensibilityGlobals) = postSolution
		SolutionGuid = {ACE4388B-3889-4F56-8022-7997F471CCDD}
	EndGlobalSection
EndGlobal
